# THIS IS AN AUTOGENERATED FILE. DO NOT EDIT THIS FILE DIRECTLY.
# yarn lockfile v1


react-hook-form@^5.7.2:
  version "5.7.2"
  resolved "https://registry.yarnpkg.com/react-hook-form/-/react-hook-form-5.7.2.tgz#a84e259e5d37dd30949af4f79c4dac31101b79ac"
  integrity sha512-bJvY348vayIvEUmSK7Fvea/NgqbT2racA2IbnJz/aPlQ3GBtaTeDITH6rtCa6y++obZzG6E3Q8VuoXPir7QYUg==
